<?xml version="1.0" encoding="utf-8"?>
<Project ToolsVersion="4.0" xmlns="http://schemas.microsoft.com/developer/msbuild/2003">
  <ItemGroup>
    <Filter Include="Core">
      <UniqueIdentifier>{1a2b3c4d-5e6f-7a8b-9c0d-1e2f3a4b5c6d}</UniqueIdentifier>
    </Filter>
    <Filter Include="Managers">
      <UniqueIdentifier>{2b3c4d5e-6f7a-8b9c-0d1e-2f3a4b5c6d7e}</UniqueIdentifier>
    </Filter>
    <Filter Include="Chat">
      <UniqueIdentifier>{3c4d5e6f-7a8b-9c0d-1e2f-3a4b5c6d7e8f}</UniqueIdentifier>
    </Filter>
    <Filter Include="Chat\Commands">
      <UniqueIdentifier>{4a5b6c7d-8e9f-0a1b-2c3d-4e5f6a7b8c9d}</UniqueIdentifier>
    </Filter>
    <Filter Include="DirectX">
      <UniqueIdentifier>{4d5e6f7a-8b9c-0d1e-2f3a-4b5c6d7e8f9a}</UniqueIdentifier>
    </Filter>
    <Filter Include="Network">
      <UniqueIdentifier>{5e6f7a8b-9c0d-1e2f-3a4b-5c6d7e8f9a0b}</UniqueIdentifier>
    </Filter>
    <Filter Include="Graphics">
      <UniqueIdentifier>{6f7a8b9c-0d1e-2f3a-4b5c-6d7e8f9a0b1c}</UniqueIdentifier>
    </Filter>
    <Filter Include="World">
      <UniqueIdentifier>{7a8b9c0d-1e2f-3a4b-5c6d-7e8f9a0b1c2d}</UniqueIdentifier>
    </Filter>
    <Filter Include="Entities">
      <UniqueIdentifier>{8b9c0d1e-2f3a-4b5c-6d7e-8f9a0b1c2d3e}</UniqueIdentifier>
    </Filter>
    <Filter Include="Language">
      <UniqueIdentifier>{a84ba1ae-b737-4f8d-838c-df968cce5e66}</UniqueIdentifier>
    </Filter>
    <Filter Include="Resources">
      <UniqueIdentifier>{9c0d1e2f-3a4b-5c6d-7e8f-9a0b1c2d3e4f}</UniqueIdentifier>
    </Filter>
    <Filter Include="DialogBox">
      <UniqueIdentifier>{a1b2c3d4-e5f6-7890-abcd-ef1234567890}</UniqueIdentifier>
    </Filter>
    <Filter Include="Effects">
      <UniqueIdentifier>{b2c3d4e5-f6a7-8901-bcde-f12345678901}</UniqueIdentifier>
    </Filter>
    <Filter Include="NetworkMessages">
      <UniqueIdentifier>{a1b2c3d4-e5f6-7890-abcd-ef1234567891}</UniqueIdentifier>
    </Filter>
  </ItemGroup>
  <ItemGroup>
    <!-- Core -->
    <ClInclude Include="Game.h">
      <Filter>Core</Filter>
    </ClInclude>
    <ClInclude Include="DialogBoxIDs.h">
      <Filter>Core</Filter>
    </ClInclude>
    <ClInclude Include="DialogBoxInfo.h">
      <Filter>Core</Filter>
    </ClInclude>
    <ClInclude Include="DialogBoxManager.h">
      <Filter>Core</Filter>
    </ClInclude>
    <ClInclude Include="GlobalDef.h">
      <Filter>Core</Filter>
    </ClInclude>
    <ClInclude Include="CommonTypes.h">
      <Filter>Core</Filter>
    </ClInclude>
    <ClInclude Include="ActionID_Client.h">
      <Filter>Core</Filter>
    </ClInclude>
    <ClInclude Include="resource.h">
      <Filter>Core</Filter>
    </ClInclude>
    <ClInclude Include="FrameTiming.h">
      <Filter>Core</Filter>
    </ClInclude>
    <ClInclude Include="InputManager.h">
      <Filter>Core</Filter>
    </ClInclude>
    <ClInclude Include="Version.h">
      <Filter>Core</Filter>
    </ClInclude>
    <ClInclude Include="Benchmark.h">
      <Filter>Core</Filter>
    </ClInclude>
    <ClCompile Include="Game.cpp">
      <Filter>Core</Filter>
    </ClCompile>
    <ClCompile Include="DialogBoxManager.cpp">
      <Filter>Core</Filter>
    </ClCompile>
    <ClCompile Include="CommonTypes.cpp">
      <Filter>Core</Filter>
    </ClCompile>
    <ClCompile Include="FrameTiming.cpp">
      <Filter>Core</Filter>
    </ClCompile>
    <ClCompile Include="InputManager.cpp">
      <Filter>Core</Filter>
    </ClCompile>
    <ClCompile Include="Version.cpp">
      <Filter>Core</Filter>
    </ClCompile>
    <ClInclude Include="EffectManager.h">
      <Filter>Core</Filter>
    </ClInclude>
    <ClCompile Include="EffectManager.cpp">
      <Filter>Core</Filter>
    </ClCompile>
    <ClInclude Include="NetworkMessageManager.h">
      <Filter>Core</Filter>
    </ClInclude>
    <ClCompile Include="NetworkMessageManager.cpp">
      <Filter>Core</Filter>
    </ClCompile>
    <!-- Managers -->
    <ClInclude Include="ConfigManager.h">
      <Filter>Managers</Filter>
    </ClInclude>
    <ClInclude Include="AudioManager.h">
      <Filter>Managers</Filter>
    </ClInclude>
    <ClInclude Include="WeatherManager.h">
      <Filter>Managers</Filter>
    </ClInclude>
    <ClInclude Include="Camera.h">
      <Filter>Managers</Filter>
    </ClInclude>
    <ClCompile Include="ConfigManager.cpp">
      <Filter>Managers</Filter>
    </ClCompile>
    <ClCompile Include="AudioManager.cpp">
      <Filter>Managers</Filter>
    </ClCompile>
    <ClCompile Include="miniaudio_impl.cpp">
      <Filter>Managers</Filter>
    </ClCompile>
    <ClCompile Include="WeatherManager.cpp">
      <Filter>Managers</Filter>
    </ClCompile>
    <ClCompile Include="Camera.cpp">
      <Filter>Managers</Filter>
    </ClCompile>
    <!-- Chat -->
    <ClInclude Include="ChatCommandManager.h">
      <Filter>Chat</Filter>
    </ClInclude>
    <ClInclude Include="ChatMsg.h">
      <Filter>Chat</Filter>
    </ClInclude>
    <ClCompile Include="ChatCommandManager.cpp">
      <Filter>Chat</Filter>
    </ClCompile>
    <!-- Chat\Commands -->
    <ClInclude Include="CmdShowFrame.h">
      <Filter>Chat\Commands</Filter>
    </ClInclude>
    <ClInclude Include="CmdShowPing.h">
      <Filter>Chat\Commands</Filter>
    </ClInclude>
    <ClInclude Include="CmdWhisper.h">
      <Filter>Chat\Commands</Filter>
    </ClInclude>
    <ClInclude Include="CmdShout.h">
      <Filter>Chat\Commands</Filter>
    </ClInclude>
    <ClInclude Include="CmdIgnore.h">
      <Filter>Chat\Commands</Filter>
    </ClInclude>
    <ClInclude Include="CmdWeather.h">
      <Filter>Chat\Commands</Filter>
    </ClInclude>
    <ClCompile Include="CmdShowFrame.cpp">
      <Filter>Chat\Commands</Filter>
    </ClCompile>
    <ClCompile Include="CmdShowPing.cpp">
      <Filter>Chat\Commands</Filter>
    </ClCompile>
    <ClCompile Include="CmdWhisper.cpp">
      <Filter>Chat\Commands</Filter>
    </ClCompile>
    <ClCompile Include="CmdShout.cpp">
      <Filter>Chat\Commands</Filter>
    </ClCompile>
    <ClCompile Include="CmdIgnore.cpp">
      <Filter>Chat\Commands</Filter>
    </ClCompile>
    <ClCompile Include="CmdWeather.cpp">
      <Filter>Chat\Commands</Filter>
    </ClCompile>
    <!-- DirectX -->
    <ClInclude Include="DXC_ddraw.h">
      <Filter>DirectX</Filter>
    </ClInclude>
    <ClCompile Include="DXC_ddraw.cpp">
      <Filter>DirectX</Filter>
    </ClCompile>
    <!-- Network -->
    <ClInclude Include="XSocket.h">
      <Filter>Network</Filter>
    </ClInclude>
    <ClInclude Include="ClientMessages.h">
      <Filter>Network</Filter>
    </ClInclude>
    <ClCompile Include="XSocket.cpp">
      <Filter>Network</Filter>
    </ClCompile>
    <ClCompile Include="NetworkMessages_Stats.cpp">
      <Filter>NetworkMessages</Filter>
    </ClCompile>
    <ClCompile Include="NetworkMessages_Items.cpp">
      <Filter>NetworkMessages</Filter>
    </ClCompile>
    <ClCompile Include="NetworkMessages_Guild.cpp">
      <Filter>NetworkMessages</Filter>
    </ClCompile>
    <ClCompile Include="NetworkMessages_Combat.cpp">
      <Filter>NetworkMessages</Filter>
    </ClCompile>
    <ClCompile Include="NetworkMessages_Skills.cpp">
      <Filter>NetworkMessages</Filter>
    </ClCompile>
    <ClCompile Include="NetworkMessages_Player.cpp">
      <Filter>NetworkMessages</Filter>
    </ClCompile>
    <ClCompile Include="NetworkMessages_Quest.cpp">
      <Filter>NetworkMessages</Filter>
    </ClCompile>
    <ClCompile Include="NetworkMessages_Party.cpp">
      <Filter>NetworkMessages</Filter>
    </ClCompile>
    <ClCompile Include="NetworkMessages_Apocalypse.cpp">
      <Filter>NetworkMessages</Filter>
    </ClCompile>
    <ClCompile Include="NetworkMessages_Heldenian.cpp">
      <Filter>NetworkMessages</Filter>
    </ClCompile>
    <ClCompile Include="NetworkMessages_Slates.cpp">
      <Filter>NetworkMessages</Filter>
    </ClCompile>
    <ClCompile Include="NetworkMessages_Map.cpp">
      <Filter>NetworkMessages</Filter>
    </ClCompile>
    <ClCompile Include="NetworkMessages_Exchange.cpp">
      <Filter>NetworkMessages</Filter>
    </ClCompile>
    <ClCompile Include="NetworkMessages_Bank.cpp">
      <Filter>NetworkMessages</Filter>
    </ClCompile>
    <ClCompile Include="NetworkMessages_Angels.cpp">
      <Filter>NetworkMessages</Filter>
    </ClCompile>
    <ClCompile Include="NetworkMessages_Events.cpp">
      <Filter>NetworkMessages</Filter>
    </ClCompile>
    <ClCompile Include="NetworkMessages_Agriculture.cpp">
      <Filter>NetworkMessages</Filter>
    </ClCompile>
    <ClCompile Include="NetworkMessages_Fish.cpp">
      <Filter>NetworkMessages</Filter>
    </ClCompile>
    <ClCompile Include="NetworkMessages_Crafting.cpp">
      <Filter>NetworkMessages</Filter>
    </ClCompile>
    <ClCompile Include="NetworkMessages_Admin.cpp">
      <Filter>NetworkMessages</Filter>
    </ClCompile>
    <ClCompile Include="NetworkMessages_Crusade.cpp">
      <Filter>NetworkMessages</Filter>
    </ClCompile>
    <ClCompile Include="NetworkMessages_System.cpp">
      <Filter>NetworkMessages</Filter>
    </ClCompile>
    <!-- Graphics -->
    <ClInclude Include="Sprite.h">
      <Filter>Graphics</Filter>
    </ClInclude>
    <ClInclude Include="SpriteID.h">
      <Filter>Graphics</Filter>
    </ClInclude>
    <ClInclude Include="Mydib.h">
      <Filter>Graphics</Filter>
    </ClInclude>
    <!-- Effects -->
    <ClInclude Include="Effect.h">
      <Filter>Effects</Filter>
    </ClInclude>
    <ClCompile Include="Effect_Add.cpp">
      <Filter>Effects</Filter>
    </ClCompile>
    <ClCompile Include="Effect_Update.cpp">
      <Filter>Effects</Filter>
    </ClCompile>
    <ClCompile Include="Effect_Draw.cpp">
      <Filter>Effects</Filter>
    </ClCompile>
    <ClCompile Include="Effect_Lights.cpp">
      <Filter>Effects</Filter>
    </ClCompile>
    <ClCompile Include="Sprite.cpp">
      <Filter>Graphics</Filter>
    </ClCompile>
    <ClCompile Include="Mydib.cpp">
      <Filter>Graphics</Filter>
    </ClCompile>
    <!-- World -->
    <ClInclude Include="MapData.h">
      <Filter>World</Filter>
    </ClInclude>
    <ClInclude Include="Tile.h">
      <Filter>World</Filter>
    </ClInclude>
    <ClInclude Include="TileSpr.h">
      <Filter>World</Filter>
    </ClInclude>
    <ClCompile Include="MapData.cpp">
      <Filter>World</Filter>
    </ClCompile>
    <!-- Entities -->
    <ClInclude Include="CharInfo.h">
      <Filter>Entities</Filter>
    </ClInclude>
    <ClInclude Include="Magic.h">
      <Filter>Entities</Filter>
    </ClInclude>
    <ClInclude Include="Skill.h">
      <Filter>Entities</Filter>
    </ClInclude>
    <ClInclude Include="BuildItem.h">
      <Filter>Entities</Filter>
    </ClInclude>
    <ClInclude Include="Curse.h">
      <Filter>Entities</Filter>
    </ClInclude>
    <ClInclude Include="GameMonitor.h">
      <Filter>Entities</Filter>
    </ClInclude>
    <ClInclude Include="MouseInterface.h">
      <Filter>Entities</Filter>
    </ClInclude>
    <ClInclude Include="Misc.h">
      <Filter>Entities</Filter>
    </ClInclude>
    <ClCompile Include="Curse.cpp">
      <Filter>Entities</Filter>
    </ClCompile>
    <ClCompile Include="GameMonitor.cpp">
      <Filter>Entities</Filter>
    </ClCompile>
    <ClCompile Include="MouseInterface.cpp">
      <Filter>Entities</Filter>
    </ClCompile>
    <!-- Language -->
    <ClInclude Include="lan_eng.h">
      <Filter>Language</Filter>
    </ClInclude>
    <!-- DialogBox -->
    <ClInclude Include="IDialogBox.h">
      <Filter>DialogBox</Filter>
    </ClInclude>
    <ClCompile Include="IDialogBox.cpp">
      <Filter>DialogBox</Filter>
    </ClCompile>
    <ClInclude Include="DialogBox_WarningMsg.h">
      <Filter>DialogBox</Filter>
    </ClInclude>
    <ClCompile Include="DialogBox_WarningMsg.cpp">
      <Filter>DialogBox</Filter>
    </ClCompile>
    <ClInclude Include="DialogBox_Resurrect.h">
      <Filter>DialogBox</Filter>
    </ClInclude>
    <ClCompile Include="DialogBox_Resurrect.cpp">
      <Filter>DialogBox</Filter>
    </ClCompile>
    <ClInclude Include="DialogBox_Noticement.h">
      <Filter>DialogBox</Filter>
    </ClInclude>
    <ClCompile Include="DialogBox_Noticement.cpp">
      <Filter>DialogBox</Filter>
    </ClCompile>
    <ClInclude Include="DialogBox_RepairAll.h">
      <Filter>DialogBox</Filter>
    </ClInclude>
    <ClCompile Include="DialogBox_RepairAll.cpp">
      <Filter>DialogBox</Filter>
    </ClCompile>
    <ClInclude Include="DialogBox_ConfirmExchange.h">
      <Filter>DialogBox</Filter>
    </ClInclude>
    <ClCompile Include="DialogBox_ConfirmExchange.cpp">
      <Filter>DialogBox</Filter>
    </ClCompile>
    <ClInclude Include="DialogBox_Help.h">
      <Filter>DialogBox</Filter>
    </ClInclude>
    <ClCompile Include="DialogBox_Help.cpp">
      <Filter>DialogBox</Filter>
    </ClCompile>
    <ClInclude Include="DialogBox_ItemDrop.h">
      <Filter>DialogBox</Filter>
    </ClInclude>
    <ClCompile Include="DialogBox_ItemDrop.cpp">
      <Filter>DialogBox</Filter>
    </ClCompile>
    <ClInclude Include="DialogBox_LevelUpSetting.h">
      <Filter>DialogBox</Filter>
    </ClInclude>
    <ClCompile Include="DialogBox_LevelUpSetting.cpp">
      <Filter>DialogBox</Filter>
    </ClCompile>
    <ClCompile Include="DialogBox_Character.cpp">
      <Filter>DialogBox</Filter>
    </ClCompile>
    <ClInclude Include="DialogBox_Character.h">
      <Filter>DialogBox</Filter>
    </ClInclude>
    <ClCompile Include="DialogBox_Inventory.cpp">
      <Filter>DialogBox</Filter>
    </ClCompile>
    <ClInclude Include="DialogBox_Inventory.h">
      <Filter>DialogBox</Filter>
    </ClInclude>
    <ClCompile Include="DialogBox_Skill.cpp">
      <Filter>DialogBox</Filter>
    </ClCompile>
    <ClInclude Include="DialogBox_Skill.h">
      <Filter>DialogBox</Filter>
    </ClInclude>
    <ClCompile Include="DialogBox_Magic.cpp">
      <Filter>DialogBox</Filter>
    </ClCompile>
    <ClInclude Include="DialogBox_Magic.h">
      <Filter>DialogBox</Filter>
    </ClInclude>
    <ClCompile Include="DialogBox_HudPanel.cpp">
      <Filter>DialogBox</Filter>
    </ClCompile>
    <ClInclude Include="DialogBox_HudPanel.h">
      <Filter>DialogBox</Filter>
    </ClInclude>
    <ClCompile Include="DialogBox_GuideMap.cpp">
      <Filter>DialogBox</Filter>
    </ClCompile>
    <ClInclude Include="DialogBox_GuideMap.h">
      <Filter>DialogBox</Filter>
    </ClInclude>
    <ClCompile Include="DialogBox_Fishing.cpp">
      <Filter>DialogBox</Filter>
    </ClCompile>
    <ClInclude Include="DialogBox_Fishing.h">
      <Filter>DialogBox</Filter>
    </ClInclude>
    <ClCompile Include="DialogBox_CrusadeJob.cpp">
      <Filter>DialogBox</Filter>
    </ClCompile>
    <ClInclude Include="DialogBox_CrusadeJob.h">
      <Filter>DialogBox</Filter>
    </ClInclude>
    <ClCompile Include="DialogBox_ItemDropAmount.cpp">
      <Filter>DialogBox</Filter>
    </ClCompile>
    <ClInclude Include="DialogBox_ItemDropAmount.h">
      <Filter>DialogBox</Filter>
    </ClInclude>
    <ClCompile Include="DialogBox_Map.cpp">
      <Filter>DialogBox</Filter>
    </ClCompile>
    <ClInclude Include="DialogBox_Map.h">
      <Filter>DialogBox</Filter>
    </ClInclude>
    <ClCompile Include="DialogBox_NpcActionQuery.cpp">
      <Filter>DialogBox</Filter>
    </ClCompile>
    <ClInclude Include="DialogBox_NpcActionQuery.h">
      <Filter>DialogBox</Filter>
    </ClInclude>
    <ClCompile Include="DialogBox_SysMenu.cpp">
      <Filter>DialogBox</Filter>
    </ClCompile>
    <ClInclude Include="DialogBox_SysMenu.h">
      <Filter>DialogBox</Filter>
    </ClInclude>
    <ClCompile Include="DialogBox_Text.cpp">
      <Filter>DialogBox</Filter>
    </ClCompile>
    <ClInclude Include="DialogBox_Text.h">
      <Filter>DialogBox</Filter>
    </ClInclude>
    <ClCompile Include="DialogBox_MagicShop.cpp">
      <Filter>DialogBox</Filter>
    </ClCompile>
    <ClInclude Include="DialogBox_MagicShop.h">
      <Filter>DialogBox</Filter>
    </ClInclude>
    <ClCompile Include="DialogBox_NpcTalk.cpp">
      <Filter>DialogBox</Filter>
    </ClCompile>
    <ClInclude Include="DialogBox_NpcTalk.h">
      <Filter>DialogBox</Filter>
    </ClInclude>
    <ClCompile Include="DialogBox_ChatHistory.cpp">
      <Filter>DialogBox</Filter>
    </ClCompile>
    <ClInclude Include="DialogBox_ChatHistory.h">
      <Filter>DialogBox</Filter>
    </ClInclude>
    <ClCompile Include="DialogBox_CityHallMenu.cpp">
      <Filter>DialogBox</Filter>
    </ClCompile>
    <ClInclude Include="DialogBox_CityHallMenu.h">
      <Filter>DialogBox</Filter>
    </ClInclude>
    <ClCompile Include="DialogBox_Shop.cpp">
      <Filter>DialogBox</Filter>
    </ClCompile>
    <ClInclude Include="DialogBox_Shop.h">
      <Filter>DialogBox</Filter>
    </ClInclude>
    <ClCompile Include="DialogBox_ItemUpgrade.cpp">
      <Filter>DialogBox</Filter>
    </ClCompile>
    <ClInclude Include="DialogBox_ItemUpgrade.h">
      <Filter>DialogBox</Filter>
    </ClInclude>
    <ClCompile Include="DialogBox_SellList.cpp">
      <Filter>DialogBox</Filter>
    </ClCompile>
    <ClInclude Include="DialogBox_SellList.h">
      <Filter>DialogBox</Filter>
    </ClInclude>
    <ClCompile Include="DialogBox_GuildMenu.cpp">
      <Filter>DialogBox</Filter>
    </ClCompile>
    <ClInclude Include="DialogBox_GuildMenu.h">
      <Filter>DialogBox</Filter>
    </ClInclude>
    <ClCompile Include="DialogBox_GuildOperation.cpp">
      <Filter>DialogBox</Filter>
    </ClCompile>
    <ClInclude Include="DialogBox_GuildOperation.h">
      <Filter>DialogBox</Filter>
    </ClInclude>
    <ClCompile Include="DialogBox_Bank.cpp">
      <Filter>DialogBox</Filter>
    </ClCompile>
    <ClInclude Include="DialogBox_Bank.h">
      <Filter>DialogBox</Filter>
    </ClInclude>
    <ClCompile Include="DialogBox_Exchange.cpp">
      <Filter>DialogBox</Filter>
    </ClCompile>
    <ClInclude Include="DialogBox_Exchange.h">
      <Filter>DialogBox</Filter>
    </ClInclude>
    <ClCompile Include="DialogBox_Party.cpp">
      <Filter>DialogBox</Filter>
    </ClCompile>
    <ClInclude Include="DialogBox_Party.h">
      <Filter>DialogBox</Filter>
    </ClInclude>
    <ClCompile Include="DialogBox_Quest.cpp">
      <Filter>DialogBox</Filter>
    </ClCompile>
    <ClInclude Include="DialogBox_Quest.h">
      <Filter>DialogBox</Filter>
    </ClInclude>
    <ClCompile Include="DialogBox_Commander.cpp">
      <Filter>DialogBox</Filter>
    </ClCompile>
    <ClInclude Include="DialogBox_Commander.h">
      <Filter>DialogBox</Filter>
    </ClInclude>
    <ClCompile Include="DialogBox_Constructor.cpp">
      <Filter>DialogBox</Filter>
    </ClCompile>
    <ClInclude Include="DialogBox_Constructor.h">
      <Filter>DialogBox</Filter>
    </ClInclude>
    <ClCompile Include="DialogBox_Soldier.cpp">
      <Filter>DialogBox</Filter>
    </ClCompile>
    <ClInclude Include="DialogBox_Soldier.h">
      <Filter>DialogBox</Filter>
    </ClInclude>
    <ClCompile Include="DialogBox_Slates.cpp">
      <Filter>DialogBox</Filter>
    </ClCompile>
    <ClInclude Include="DialogBox_Slates.h">
      <Filter>DialogBox</Filter>
    </ClInclude>
    <ClCompile Include="DialogBox_ChangeStatsMajestic.cpp">
      <Filter>DialogBox</Filter>
    </ClCompile>
    <ClInclude Include="DialogBox_ChangeStatsMajestic.h">
      <Filter>DialogBox</Filter>
    </ClInclude>
    <ClCompile Include="DialogBox_GuildHallMenu.cpp">
      <Filter>DialogBox</Filter>
    </ClCompile>
    <ClInclude Include="DialogBox_GuildHallMenu.h">
      <Filter>DialogBox</Filter>
    </ClInclude>
    <ClInclude Include="CmdProfile.h">
      <Filter>Chat\Commands</Filter>
    </ClInclude>
    <ClInclude Include="DialogBox_SellOrRepair.h">
      <Filter>DialogBox</Filter>
    </ClInclude>
    <ClInclude Include="DialogBox_Manufacture.h">
      <Filter>DialogBox</Filter>
    </ClInclude>
  </ItemGroup>
  <ItemGroup>
    <ResourceCompile Include="Game.rc">
      <Filter>Resources</Filter>
    </ResourceCompile>
  </ItemGroup>
  <ItemGroup>
    <Image Include="icon1.ico">
      <Filter>Resources</Filter>
    </Image>
  </ItemGroup>
  <ItemGroup>
    <ClCompile Include="Game.Hotkeys.cpp">
      <Filter>Core</Filter>
    </ClCompile>
    <ClCompile Include="HotkeyManager.cpp">
      <Filter>Core</Filter>
    </ClCompile>
    <ClCompile Include="CmdProfile.cpp">
      <Filter>Chat\Commands</Filter>
    </ClCompile>
    <ClCompile Include="DialogBox_Manufacture.cpp">
      <Filter>DialogBox</Filter>
    </ClCompile>
    <ClCompile Include="DialogBox_SellOrRepair.cpp">
      <Filter>DialogBox</Filter>
    </ClCompile>
    <ClCompile Include="Wmain.cpp" />
  </ItemGroup>
</Project>